
Microsoft Visual Studio Solution File, Format Version 12.00
# Visual Studio Version 16
VisualStudioVersion = 16.0.35931.194
MinimumVisualStudioVersion = 10.0.40219.1
Project("{FAE04EC0-301F-11D3-BF4B-00C04F79EFBC}") = "Gubaeva", "Gubaeva.csproj", "{8F1841B5-8D3E-4771-AF9C-4D524A0EC312}"
EndProject
Global
	GlobalSection(SolutionConfigurationPlatforms) = preSolution
		Debug|Any CPU = Debug|Any CPU
		Release|Any CPU = Release|Any CPU
	EndGlobalSection
	GlobalSection(ProjectConfigurationPlatforms) = postSolution
		{8F1841B5-8D3E-4771-AF9C-4D524A0EC312}.Debug|Any CPU.ActiveCfg = Debug|Any CPU
		{8F1841B5-8D3E-4771-AF9C-4D524A0EC312}.Debug|Any CPU.Build.0 = Debug|Any CPU
		{8F1841B5-8D3E-4771-AF9C-4D524A0EC312}.Release|Any CPU.ActiveCfg = Release|Any CPU
		{8F1841B5-8D3E-4771-AF9C-4D524A0EC312}.Release|Any CPU.Build.0 = Release|Any CPU
	EndGlobalSection
	GlobalSection(SolutionProperties) = preSolution
		HideSolutionNode = FALSE
	EndGlobalSection
	GlobalSection(ExtensibilityGlobals) = postSolution
		SolutionGuid = {6CDB9FB2-C078-4DC8-AA97-D1284371EC8B}
	EndGlobalSection
EndGlobal
